{
    "_readme": [
        "This file locks the dependencies of your project to a known state",
        "Read more about it at https://getcomposer.org/doc/01-basic-usage.md#composer-lock-the-lock-file",
        "This file is @generated automatically"
    ],
    "hash": "e44a378dbf2732c1ed88c98f0a32135d",
    "content-hash": "aa0d6c49269e60d8802d7394ecf97c03",
    "packages": [
        {
            "name": "baophong09/rainy",
            "version": "dev-master",
            "source": {
                "type": "git",
                "url": "https://github.com/baophong09/Rainy-Core.git",
                "reference": "515d32a31fb306cfe1730972a63f0e7070076f06"
            },
            "dist": {
                "type": "zip",
                "url": "https://api.github.com/repos/baophong09/Rainy-Core/zipball/515d32a31fb306cfe1730972a63f0e7070076f06",
                "reference": "515d32a31fb306cfe1730972a63f0e7070076f06",
                "shasum": ""
            },
            "require": {
                "php": ">=5.3.0"
            },
            "type": "library",
            "extra": {
                "branch-alias": {
                    "dev-master": "1.0-dev"
                }
            },
            "autoload": {
                "files": [
                    "src/Rainy/Define.php"
                ],
                "psr-4": {
                    "Rainy\\": "src/Rainy/"
                }
            },
            "notification-url": "https://packagist.org/downloads/",
            "license": [
                "MIT"
            ],
            "authors": [
                {
                    "name": "Dinh Phong",
                    "email": "dinhphong.developer@gmail.com"
                }
            ],
            "description": "A Light Weight PHP Framework",
            "time": "2016-08-23 10:33:19"
        }
    ],
    "packages-dev": [],
    "aliases": [],
    "minimum-stability": "stable",
    "stability-flags": {
        "baophong09/rainy": 20
    },
    "prefer-stable": false,
    "prefer-lowest": false,
    "platform": [],
    "platform-dev": []
}
